
Microsoft Visual Studio Solution File, Format Version 12.00
# Visual Studio 15
VisualStudioVersion = 15.0.28307.421
MinimumVisualStudioVersion = 10.0.40219.1
Project("{9A19103F-16F7-4668-BE54-9A1E7A4F7556}") = "Lab1", "LAB1\Lab1.csproj", "{3E088EB0-5E8D-41E5-9E17-457D654E4F47}"
EndProject
Project("{9A19103F-16F7-4668-BE54-9A1E7A4F7556}") = "Lab2", "Lab2\Lab2.csproj", "{B48FF3AD-2F03-4B38-95D5-485A2E305BF9}"
EndProject
Project("{9A19103F-16F7-4668-BE54-9A1E7A4F7556}") = "Lab3", "Lab3\Lab3\Lab3.csproj", "{369D5616-DB57-463B-8A3D-B99942675EE3}"
EndProject
Project("{FAE04EC0-301F-11D3-BF4B-00C04F79EFBC}") = "Lab4", "Lab4\Lab4.csproj", "{EEC0B2FB-AA78-4A58-9CE2-17854A02F067}"
EndProject
Project("{FAE04EC0-301F-11D3-BF4B-00C04F79EFBC}") = "Lab5", "ClassLibrary1\Lab5.csproj", "{197BFB41-5B9C-40F0-8A00-B53EFDB33BA1}"
EndProject
Global
	GlobalSection(SolutionConfigurationPlatforms) = preSolution
		Debug|Any CPU = Debug|Any CPU
		Release|Any CPU = Release|Any CPU
	EndGlobalSection
	GlobalSection(ProjectConfigurationPlatforms) = postSolution
		{3E088EB0-5E8D-41E5-9E17-457D654E4F47}.Debug|Any CPU.ActiveCfg = Debug|Any CPU
		{3E088EB0-5E8D-41E5-9E17-457D654E4F47}.Debug|Any CPU.Build.0 = Debug|Any CPU
		{3E088EB0-5E8D-41E5-9E17-457D654E4F47}.Release|Any CPU.ActiveCfg = Release|Any CPU
		{3E088EB0-5E8D-41E5-9E17-457D654E4F47}.Release|Any CPU.Build.0 = Release|Any CPU
		{B48FF3AD-2F03-4B38-95D5-485A2E305BF9}.Debug|Any CPU.ActiveCfg = Debug|Any CPU
		{B48FF3AD-2F03-4B38-95D5-485A2E305BF9}.Debug|Any CPU.Build.0 = Debug|Any CPU
		{B48FF3AD-2F03-4B38-95D5-485A2E305BF9}.Release|Any CPU.ActiveCfg = Release|Any CPU
		{B48FF3AD-2F03-4B38-95D5-485A2E305BF9}.Release|Any CPU.Build.0 = Release|Any CPU
		{369D5616-DB57-463B-8A3D-B99942675EE3}.Debug|Any CPU.ActiveCfg = Debug|Any CPU
		{369D5616-DB57-463B-8A3D-B99942675EE3}.Debug|Any CPU.Build.0 = Debug|Any CPU
		{369D5616-DB57-463B-8A3D-B99942675EE3}.Release|Any CPU.ActiveCfg = Release|Any CPU
		{369D5616-DB57-463B-8A3D-B99942675EE3}.Release|Any CPU.Build.0 = Release|Any CPU
		{EEC0B2FB-AA78-4A58-9CE2-17854A02F067}.Debug|Any CPU.ActiveCfg = Debug|Any CPU
		{EEC0B2FB-AA78-4A58-9CE2-17854A02F067}.Debug|Any CPU.Build.0 = Debug|Any CPU
		{EEC0B2FB-AA78-4A58-9CE2-17854A02F067}.Release|Any CPU.ActiveCfg = Release|Any CPU
		{EEC0B2FB-AA78-4A58-9CE2-17854A02F067}.Release|Any CPU.Build.0 = Release|Any CPU
		{197BFB41-5B9C-40F0-8A00-B53EFDB33BA1}.Debug|Any CPU.ActiveCfg = Debug|Any CPU
		{197BFB41-5B9C-40F0-8A00-B53EFDB33BA1}.Debug|Any CPU.Build.0 = Debug|Any CPU
		{197BFB41-5B9C-40F0-8A00-B53EFDB33BA1}.Release|Any CPU.ActiveCfg = Release|Any CPU
		{197BFB41-5B9C-40F0-8A00-B53EFDB33BA1}.Release|Any CPU.Build.0 = Release|Any CPU
	EndGlobalSection
	GlobalSection(SolutionProperties) = preSolution
		HideSolutionNode = FALSE
	EndGlobalSection
	GlobalSection(ExtensibilityGlobals) = postSolution
		SolutionGuid = {80CABF31-CFF3-4F72-A550-7146AD0F80A5}
	EndGlobalSection
EndGlobal
